// !$*UTF8*$!
{
	archiveVersion = 1;
	classes = {
	};
	objectVersion = 77;
	objects = {

/* Begin PBXBuildFile section */
		E75A1A0D2CFDF82F00F8F75D /* .env in Resources */ = {isa = PBXBuildFile; fileRef = E75A1A0C2CFDF82C00F8F75D /* .env */; };
		E76654372D0D80EA00C242C7 /* HighlightedTextEditor in Frameworks */ = {isa = PBXBuildFile; productRef = E76654362D0D80EA00C242C7 /* HighlightedTextEditor */; };
/* End PBXBuildFile section */

/* Begin PBXContainerItemProxy section */
		E75A19D22CFDCE7100F8F75D /* PBXContainerItemProxy */ = {
			isa = PBXContainerItemProxy;
			containerPortal = E75A19B82CFDCE6F00F8F75D /* Project object */;
			proxyType = 1;
			remoteGlobalIDString = E75A19BF2CFDCE6F00F8F75D;
			remoteInfo = oaiVoiceModeChat;
		};
		E75A19DC2CFDCE7100F8F75D /* PBXContainerItemProxy */ = {
			isa = PBXContainerItemProxy;
			containerPortal = E75A19B82CFDCE6F00F8F75D /* Project object */;
			proxyType = 1;
			remoteGlobalIDString = E75A19BF2CFDCE6F00F8F75D;
			remoteInfo = oaiVoiceModeChat;
		};
/* End PBXContainerItemProxy section */

/* Begin PBXFileReference section */
		E75A19C02CFDCE6F00F8F75D /* T3 Chat.app */ = {isa = PBXFileReference; explicitFileType = wrapper.application; includeInIndex = 0; path = "T3 Chat.app"; sourceTree = BUILT_PRODUCTS_DIR; };
		E75A19D12CFDCE7100F8F75D /* T3ChatMacTests.xctest */ = {isa = PBXFileReference; explicitFileType = wrapper.cfbundle; includeInIndex = 0; path = T3ChatMacTests.xctest; sourceTree = BUILT_PRODUCTS_DIR; };
		E75A19DB2CFDCE7100F8F75D /* T3ChatMacUITests.xctest */ = {isa = PBXFileReference; explicitFileType = wrapper.cfbundle; includeInIndex = 0; path = T3ChatMacUITests.xctest; sourceTree = BUILT_PRODUCTS_DIR; };
		E75A1A0C2CFDF82C00F8F75D /* .env */ = {isa = PBXFileReference; lastKnownFileType = text; path = .env; sourceTree = "<group>"; };
/* End PBXFileReference section */

/* Begin PBXFileSystemSynchronizedBuildFileExceptionSet section */
		E76B84D82D05C03600ABCBE7 /* Exceptions for "T3Chat" folder in "T3ChatMac" target */ = {
			isa = PBXFileSystemSynchronizedBuildFileExceptionSet;
			membershipExceptions = (
				Info.plist,
			);
			target = E75A19BF2CFDCE6F00F8F75D /* T3ChatMac */;
		};
/* End PBXFileSystemSynchronizedBuildFileExceptionSet section */

/* Begin PBXFileSystemSynchronizedRootGroup section */
		E75A19C22CFDCE6F00F8F75D /* T3Chat */ = {
			isa = PBXFileSystemSynchronizedRootGroup;
			exceptions = (
				E76B84D82D05C03600ABCBE7 /* Exceptions for "T3Chat" folder in "T3ChatMac" target */,
			);
			path = T3Chat;
			sourceTree = "<group>";
		};
		E75A19D42CFDCE7100F8F75D /* T3ChatTests */ = {
			isa = PBXFileSystemSynchronizedRootGroup;
			path = T3ChatTests;
			sourceTree = "<group>";
		};
		E75A19DE2CFDCE7100F8F75D /* T3ChatUITests */ = {
			isa = PBXFileSystemSynchronizedRootGroup;
			path = T3ChatUITests;
			sourceTree = "<group>";
		};
/* End PBXFileSystemSynchronizedRootGroup section */

/* Begin PBXFrameworksBuildPhase section */
		E75A19BD2CFDCE6F00F8F75D /* Frameworks */ = {
			isa = PBXFrameworksBuildPhase;
			buildActionMask = 2147483647;
			files = (
				E76654372D0D80EA00C242C7 /* HighlightedTextEditor in Frameworks */,
			);
			runOnlyForDeploymentPostprocessing = 0;
		};
		E75A19CE2CFDCE7100F8F75D /* Frameworks */ = {
			isa = PBXFrameworksBuildPhase;
			buildActionMask = 2147483647;
			files = (
			);
			runOnlyForDeploymentPostprocessing = 0;
		};
		E75A19D82CFDCE7100F8F75D /* Frameworks */ = {
			isa = PBXFrameworksBuildPhase;
			buildActionMask = 2147483647;
			files = (
			);
			runOnlyForDeploymentPostprocessing = 0;
		};
/* End PBXFrameworksBuildPhase section */

/* Begin PBXGroup section */
		E75A19B72CFDCE6F00F8F75D = {
			isa = PBXGroup;
			children = (
				E75A1A0C2CFDF82C00F8F75D /* .env */,
				E75A19C22CFDCE6F00F8F75D /* T3Chat */,
				E75A19D42CFDCE7100F8F75D /* T3ChatTests */,
				E75A19DE2CFDCE7100F8F75D /* T3ChatUITests */,
				E75A19C12CFDCE6F00F8F75D /* Products */,
			);
			sourceTree = "<group>";
		};
		E75A19C12CFDCE6F00F8F75D /* Products */ = {
			isa = PBXGroup;
			children = (
				E75A19C02CFDCE6F00F8F75D /* T3 Chat.app */,
				E75A19D12CFDCE7100F8F75D /* T3ChatMacTests.xctest */,
				E75A19DB2CFDCE7100F8F75D /* T3ChatMacUITests.xctest */,
			);
			name = Products;
			sourceTree = "<group>";
		};
/* End PBXGroup section */

/* Begin PBXNativeTarget section */
		E75A19BF2CFDCE6F00F8F75D /* T3ChatMac */ = {
			isa = PBXNativeTarget;
			buildConfigurationList = E75A19E52CFDCE7100F8F75D /* Build configuration list for PBXNativeTarget "T3ChatMac" */;
			buildPhases = (
				E75A19BC2CFDCE6F00F8F75D /* Sources */,
				E75A19BD2CFDCE6F00F8F75D /* Frameworks */,
				E75A19BE2CFDCE6F00F8F75D /* Resources */,
			);
			buildRules = (
			);
			dependencies = (
			);
			fileSystemSynchronizedGroups = (
				E75A19C22CFDCE6F00F8F75D /* T3Chat */,
			);
			name = T3ChatMac;
			packageProductDependencies = (
				E76654362D0D80EA00C242C7 /* HighlightedTextEditor */,
			);
			productName = oaiVoiceModeChat;
			productReference = E75A19C02CFDCE6F00F8F75D /* T3 Chat.app */;
			productType = "com.apple.product-type.application";
		};
		E75A19D02CFDCE7100F8F75D /* T3ChatMacTests */ = {
			isa = PBXNativeTarget;
			buildConfigurationList = E75A19E82CFDCE7100F8F75D /* Build configuration list for PBXNativeTarget "T3ChatMacTests" */;
			buildPhases = (
				E75A19CD2CFDCE7100F8F75D /* Sources */,
				E75A19CE2CFDCE7100F8F75D /* Frameworks */,
				E75A19CF2CFDCE7100F8F75D /* Resources */,
			);
			buildRules = (
			);
			dependencies = (
				E75A19D32CFDCE7100F8F75D /* PBXTargetDependency */,
			);
			fileSystemSynchronizedGroups = (
				E75A19D42CFDCE7100F8F75D /* T3ChatTests */,
			);
			name = T3ChatMacTests;
			packageProductDependencies = (
			);
			productName = oaiVoiceModeChatTests;
			productReference = E75A19D12CFDCE7100F8F75D /* T3ChatMacTests.xctest */;
			productType = "com.apple.product-type.bundle.unit-test";
		};
		E75A19DA2CFDCE7100F8F75D /* T3ChatMacUITests */ = {
			isa = PBXNativeTarget;
			buildConfigurationList = E75A19EB2CFDCE7100F8F75D /* Build configuration list for PBXNativeTarget "T3ChatMacUITests" */;
			buildPhases = (
				E75A19D72CFDCE7100F8F75D /* Sources */,
				E75A19D82CFDCE7100F8F75D /* Frameworks */,
				E75A19D92CFDCE7100F8F75D /* Resources */,
			);
			buildRules = (
			);
			dependencies = (
				E75A19DD2CFDCE7100F8F75D /* PBXTargetDependency */,
			);
			fileSystemSynchronizedGroups = (
				E75A19DE2CFDCE7100F8F75D /* T3ChatUITests */,
			);
			name = T3ChatMacUITests;
			packageProductDependencies = (
			);
			productName = oaiVoiceModeChatUITests;
			productReference = E75A19DB2CFDCE7100F8F75D /* T3ChatMacUITests.xctest */;
			productType = "com.apple.product-type.bundle.ui-testing";
		};
/* End PBXNativeTarget section */

/* Begin PBXProject section */
		E75A19B82CFDCE6F00F8F75D /* Project object */ = {
			isa = PBXProject;
			attributes = {
				BuildIndependentTargetsInParallel = 1;
				LastSwiftUpdateCheck = 1600;
				LastUpgradeCheck = 1600;
				TargetAttributes = {
					E75A19BF2CFDCE6F00F8F75D = {
						CreatedOnToolsVersion = 16.0;
					};
					E75A19D02CFDCE7100F8F75D = {
						CreatedOnToolsVersion = 16.0;
						TestTargetID = E75A19BF2CFDCE6F00F8F75D;
					};
					E75A19DA2CFDCE7100F8F75D = {
						CreatedOnToolsVersion = 16.0;
						TestTargetID = E75A19BF2CFDCE6F00F8F75D;
					};
				};
			};
			buildConfigurationList = E75A19BB2CFDCE6F00F8F75D /* Build configuration list for PBXProject "T3ChatMac" */;
			developmentRegion = en;
			hasScannedForEncodings = 0;
			knownRegions = (
				en,
				Base,
			);
			mainGroup = E75A19B72CFDCE6F00F8F75D;
			minimizedProjectReferenceProxies = 1;
			packageReferences = (
				E76654352D0D80EA00C242C7 /* XCRemoteSwiftPackageReference "HighlightedTextEditor" */,
			);
			preferredProjectObjectVersion = 77;
			productRefGroup = E75A19C12CFDCE6F00F8F75D /* Products */;
			projectDirPath = "";
			projectRoot = "";
			targets = (
				E75A19BF2CFDCE6F00F8F75D /* T3ChatMac */,
				E75A19D02CFDCE7100F8F75D /* T3ChatMacTests */,
				E75A19DA2CFDCE7100F8F75D /* T3ChatMacUITests */,
			);
		};
/* End PBXProject section */

/* Begin PBXResourcesBuildPhase section */
		E75A19BE2CFDCE6F00F8F75D /* Resources */ = {
			isa = PBXResourcesBuildPhase;
			buildActionMask = 2147483647;
			files = (
				E75A1A0D2CFDF82F00F8F75D /* .env in Resources */,
			);
			runOnlyForDeploymentPostprocessing = 0;
		};
		E75A19CF2CFDCE7100F8F75D /* Resources */ = {
			isa = PBXResourcesBuildPhase;
			buildActionMask = 2147483647;
			files = (
			);
			runOnlyForDeploymentPostprocessing = 0;
		};
		E75A19D92CFDCE7100F8F75D /* Resources */ = {
			isa = PBXResourcesBuildPhase;
			buildActionMask = 2147483647;
			files = (
			);
			runOnlyForDeploymentPostprocessing = 0;
		};
/* End PBXResourcesBuildPhase section */

/* Begin PBXSourcesBuildPhase section */
		E75A19BC2CFDCE6F00F8F75D /* Sources */ = {
			isa = PBXSourcesBuildPhase;
			buildActionMask = 2147483647;
			files = (
			);
			runOnlyForDeploymentPostprocessing = 0;
		};
		E75A19CD2CFDCE7100F8F75D /* Sources */ = {
			isa = PBXSourcesBuildPhase;
			buildActionMask = 2147483647;
			files = (
			);
			runOnlyForDeploymentPostprocessing = 0;
		};
		E75A19D72CFDCE7100F8F75D /* Sources */ = {
			isa = PBXSourcesBuildPhase;
			buildActionMask = 2147483647;
			files = (
			);
			runOnlyForDeploymentPostprocessing = 0;
		};
/* End PBXSourcesBuildPhase section */

/* Begin PBXTargetDependency section */
		E75A19D32CFDCE7100F8F75D /* PBXTargetDependency */ = {
			isa = PBXTargetDependency;
			target = E75A19BF2CFDCE6F00F8F75D /* T3ChatMac */;
			targetProxy = E75A19D22CFDCE7100F8F75D /* PBXContainerItemProxy */;
		};
		E75A19DD2CFDCE7100F8F75D /* PBXTargetDependency */ = {
			isa = PBXTargetDependency;
			target = E75A19BF2CFDCE6F00F8F75D /* T3ChatMac */;
			targetProxy = E75A19DC2CFDCE7100F8F75D /* PBXContainerItemProxy */;
		};
/* End PBXTargetDependency section */

/* Begin XCBuildConfiguration section */
		E75A19E32CFDCE7100F8F75D /* Debug */ = {
			isa = XCBuildConfiguration;
			buildSettings = {
				ALWAYS_SEARCH_USER_PATHS = NO;
				ASSETCATALOG_COMPILER_GENERATE_SWIFT_ASSET_SYMBOL_EXTENSIONS = YES;
				CLANG_ANALYZER_NONNULL = YES;
				CLANG_ANALYZER_NUMBER_OBJECT_CONVERSION = YES_AGGRESSIVE;
				CLANG_CXX_LANGUAGE_STANDARD = "gnu++20";
				CLANG_ENABLE_MODULES = YES;
				CLANG_ENABLE_OBJC_ARC = YES;
				CLANG_ENABLE_OBJC_WEAK = YES;
				CLANG_WARN_BLOCK_CAPTURE_AUTORELEASING = YES;
				CLANG_WARN_BOOL_CONVERSION = YES;
				CLANG_WARN_COMMA = YES;
				CLANG_WARN_CONSTANT_CONVERSION = YES;
				CLANG_WARN_DEPRECATED_OBJC_IMPLEMENTATIONS = YES;
				CLANG_WARN_DIRECT_OBJC_ISA_USAGE = YES_ERROR;
				CLANG_WARN_DOCUMENTATION_COMMENTS = YES;
				CLANG_WARN_EMPTY_BODY = YES;
				CLANG_WARN_ENUM_CONVERSION = YES;
				CLANG_WARN_INFINITE_RECURSION = YES;
				CLANG_WARN_INT_CONVERSION = YES;
				CLANG_WARN_NON_LITERAL_NULL_CONVERSION = YES;
				CLANG_WARN_OBJC_IMPLICIT_RETAIN_SELF = YES;
				CLANG_WARN_OBJC_LITERAL_CONVERSION = YES;
				CLANG_WARN_OBJC_ROOT_CLASS = YES_ERROR;
				CLANG_WARN_QUOTED_INCLUDE_IN_FRAMEWORK_HEADER = YES;
				CLANG_WARN_RANGE_LOOP_ANALYSIS = YES;
				CLANG_WARN_STRICT_PROTOTYPES = YES;
				CLANG_WARN_SUSPICIOUS_MOVE = YES;
				CLANG_WARN_UNGUARDED_AVAILABILITY = YES_AGGRESSIVE;
				CLANG_WARN_UNREACHABLE_CODE = YES;
				CLANG_WARN__DUPLICATE_METHOD_MATCH = YES;
				COPY_PHASE_STRIP = NO;
				DEBUG_INFORMATION_FORMAT = dwarf;
				ENABLE_STRICT_OBJC_MSGSEND = YES;
				ENABLE_TESTABILITY = YES;
				ENABLE_USER_SCRIPT_SANDBOXING = YES;
				GCC_C_LANGUAGE_STANDARD = gnu17;
				GCC_DYNAMIC_NO_PIC = NO;
				GCC_NO_COMMON_BLOCKS = YES;
				GCC_OPTIMIZATION_LEVEL = 0;
				GCC_PREPROCESSOR_DEFINITIONS = (
					"DEBUG=1",
					"$(inherited)",
				);
				GCC_WARN_64_TO_32_BIT_CONVERSION = YES;
				GCC_WARN_ABOUT_RETURN_TYPE = YES_ERROR;
				GCC_WARN_UNDECLARED_SELECTOR = YES;
				GCC_WARN_UNINITIALIZED_AUTOS = YES_AGGRESSIVE;
				GCC_WARN_UNUSED_FUNCTION = YES;
				GCC_WARN_UNUSED_VARIABLE = YES;
				LOCALIZATION_PREFERS_STRING_CATALOGS = YES;
				MACOSX_DEPLOYMENT_TARGET = 15.0;
				MTL_ENABLE_DEBUG_INFO = INCLUDE_SOURCE;
				MTL_FAST_MATH = YES;
				ONLY_ACTIVE_ARCH = YES;
				SDKROOT = macosx;
				SWIFT_ACTIVE_COMPILATION_CONDITIONS = "DEBUG $(inherited)";
				SWIFT_OPTIMIZATION_LEVEL = "-Onone";
			};
			name = Debug;
		};
		E75A19E42CFDCE7100F8F75D /* Release */ = {
			isa = XCBuildConfiguration;
			buildSettings = {
				ALWAYS_SEARCH_USER_PATHS = NO;
				ASSETCATALOG_COMPILER_GENERATE_SWIFT_ASSET_SYMBOL_EXTENSIONS = YES;
				CLANG_ANALYZER_NONNULL = YES;
				CLANG_ANALYZER_NUMBER_OBJECT_CONVERSION = YES_AGGRESSIVE;
				CLANG_CXX_LANGUAGE_STANDARD = "gnu++20";
				CLANG_ENABLE_MODULES = YES;
				CLANG_ENABLE_OBJC_ARC = YES;
				CLANG_ENABLE_OBJC_WEAK = YES;
				CLANG_WARN_BLOCK_CAPTURE_AUTORELEASING = YES;
				CLANG_WARN_BOOL_CONVERSION = YES;
				CLANG_WARN_COMMA = YES;
				CLANG_WARN_CONSTANT_CONVERSION = YES;
				CLANG_WARN_DEPRECATED_OBJC_IMPLEMENTATIONS = YES;
				CLANG_WARN_DIRECT_OBJC_ISA_USAGE = YES_ERROR;
				CLANG_WARN_DOCUMENTATION_COMMENTS = YES;
				CLANG_WARN_EMPTY_BODY = YES;
				CLANG_WARN_ENUM_CONVERSION = YES;
				CLANG_WARN_INFINITE_RECURSION = YES;
				CLANG_WARN_INT_CONVERSION = YES;
				CLANG_WARN_NON_LITERAL_NULL_CONVERSION = YES;
				CLANG_WARN_OBJC_IMPLICIT_RETAIN_SELF = YES;
				CLANG_WARN_OBJC_LITERAL_CONVERSION = YES;
				CLANG_WARN_OBJC_ROOT_CLASS = YES_ERROR;
				CLANG_WARN_QUOTED_INCLUDE_IN_FRAMEWORK_HEADER = YES;
				CLANG_WARN_RANGE_LOOP_ANALYSIS = YES;
				CLANG_WARN_STRICT_PROTOTYPES = YES;
				CLANG_WARN_SUSPICIOUS_MOVE = YES;
				CLANG_WARN_UNGUARDED_AVAILABILITY = YES_AGGRESSIVE;
				CLANG_WARN_UNREACHABLE_CODE = YES;
				CLANG_WARN__DUPLICATE_METHOD_MATCH = YES;
				COPY_PHASE_STRIP = NO;
				DEBUG_INFORMATION_FORMAT = "dwarf-with-dsym";
				ENABLE_NS_ASSERTIONS = NO;
				ENABLE_STRICT_OBJC_MSGSEND = YES;
				ENABLE_USER_SCRIPT_SANDBOXING = YES;
				GCC_C_LANGUAGE_STANDARD = gnu17;
				GCC_NO_COMMON_BLOCKS = YES;
				GCC_WARN_64_TO_32_BIT_CONVERSION = YES;
				GCC_WARN_ABOUT_RETURN_TYPE = YES_ERROR;
				GCC_WARN_UNDECLARED_SELECTOR = YES;
				GCC_WARN_UNINITIALIZED_AUTOS = YES_AGGRESSIVE;
				GCC_WARN_UNUSED_FUNCTION = YES;
				GCC_WARN_UNUSED_VARIABLE = YES;
				LOCALIZATION_PREFERS_STRING_CATALOGS = YES;
				MACOSX_DEPLOYMENT_TARGET = 15.0;
				MTL_ENABLE_DEBUG_INFO = NO;
				MTL_FAST_MATH = YES;
				SDKROOT = macosx;
				SWIFT_COMPILATION_MODE = wholemodule;
			};
			name = Release;
		};
		E75A19E62CFDCE7100F8F75D /* Debug */ = {
			isa = XCBuildConfiguration;
			buildSettings = {
				ASSETCATALOG_COMPILER_APPICON_NAME = AppIcon;
				ASSETCATALOG_COMPILER_GLOBAL_ACCENT_COLOR_NAME = AccentColor;
				ASSETCATALOG_COMPILER_INCLUDE_ALL_APPICON_ASSETS = YES;
				CODE_SIGN_ENTITLEMENTS = T3Chat/T3Chat.entitlements;
				CODE_SIGN_IDENTITY = "Apple Development";
				"CODE_SIGN_IDENTITY[sdk=macosx*]" = "-";
				CODE_SIGN_STYLE = Automatic;
				COMBINE_HIDPI_IMAGES = YES;
				CURRENT_PROJECT_VERSION = 1;
				DEVELOPMENT_ASSET_PATHS = "\"T3Chat/Preview Content\"";
				DEVELOPMENT_TEAM = G68QAK6JM3;
				ENABLE_HARDENED_RUNTIME = YES;
				ENABLE_PREVIEWS = YES;
				GENERATE_INFOPLIST_FILE = YES;
				INFOPLIST_FILE = T3Chat/Info.plist;
				INFOPLIST_KEY_CFBundleDisplayName = "T3 Chat";
				INFOPLIST_KEY_LSApplicationCategoryType = "public.app-category.education";
				INFOPLIST_KEY_NSHumanReadableCopyright = "";
				LD_RUNPATH_SEARCH_PATHS = (
					"$(inherited)",
					"@executable_path/../Frameworks",
				);
				MACOSX_DEPLOYMENT_TARGET = 15.0;
				MARKETING_VERSION = 0.1;
				PRODUCT_BUNDLE_IDENTIFIER = com.dcrebbin.voicemode;
				PRODUCT_NAME = "T3 Chat";
				PROVISIONING_PROFILE_SPECIFIER = "";
				SWIFT_EMIT_LOC_STRINGS = YES;
				SWIFT_VERSION = 5.0;
			};
			name = Debug;
		};
		E75A19E72CFDCE7100F8F75D /* Release */ = {
			isa = XCBuildConfiguration;
			buildSettings = {
				ASSETCATALOG_COMPILER_APPICON_NAME = AppIcon;
				ASSETCATALOG_COMPILER_GLOBAL_ACCENT_COLOR_NAME = AccentColor;
				ASSETCATALOG_COMPILER_INCLUDE_ALL_APPICON_ASSETS = YES;
				CODE_SIGN_ENTITLEMENTS = T3Chat/T3Chat.entitlements;
				CODE_SIGN_IDENTITY = "Apple Development";
				"CODE_SIGN_IDENTITY[sdk=macosx*]" = "-";
				CODE_SIGN_STYLE = Automatic;
				COMBINE_HIDPI_IMAGES = YES;
				CURRENT_PROJECT_VERSION = 1;
				DEVELOPMENT_ASSET_PATHS = "\"T3Chat/Preview Content\"";
				DEVELOPMENT_TEAM = G68QAK6JM3;
				ENABLE_HARDENED_RUNTIME = YES;
				ENABLE_PREVIEWS = YES;
				GENERATE_INFOPLIST_FILE = YES;
				INFOPLIST_FILE = T3Chat/Info.plist;
				INFOPLIST_KEY_CFBundleDisplayName = "T3 Chat";
				INFOPLIST_KEY_LSApplicationCategoryType = "public.app-category.education";
				INFOPLIST_KEY_NSHumanReadableCopyright = "";
				LD_RUNPATH_SEARCH_PATHS = (
					"$(inherited)",
					"@executable_path/../Frameworks",
				);
				MACOSX_DEPLOYMENT_TARGET = 15.0;
				MARKETING_VERSION = 0.1;
				PRODUCT_BUNDLE_IDENTIFIER = com.dcrebbin.voicemode;
				PRODUCT_NAME = "T3 Chat";
				PROVISIONING_PROFILE_SPECIFIER = "";
				SWIFT_EMIT_LOC_STRINGS = YES;
				SWIFT_VERSION = 5.0;
			};
			name = Release;
		};
		E75A19E92CFDCE7100F8F75D /* Debug */ = {
			isa = XCBuildConfiguration;
			buildSettings = {
				BUNDLE_LOADER = "$(TEST_HOST)";
				CODE_SIGN_STYLE = Automatic;
				CURRENT_PROJECT_VERSION = 1;
				DEVELOPMENT_TEAM = V4BA83FLD8;
				GENERATE_INFOPLIST_FILE = YES;
				MACOSX_DEPLOYMENT_TARGET = 15.0;
				MARKETING_VERSION = 1.0;
				PRODUCT_BUNDLE_IDENTIFIER = umidk.oaiVoiceModeChatTests;
				PRODUCT_NAME = "$(TARGET_NAME)";
				SWIFT_EMIT_LOC_STRINGS = NO;
				SWIFT_VERSION = 5.0;
				TEST_HOST = "$(BUILT_PRODUCTS_DIR)/T3ChatMac.app/$(BUNDLE_EXECUTABLE_FOLDER_PATH)/T3ChatMac";
			};
			name = Debug;
		};
		E75A19EA2CFDCE7100F8F75D /* Release */ = {
			isa = XCBuildConfiguration;
			buildSettings = {
				BUNDLE_LOADER = "$(TEST_HOST)";
				CODE_SIGN_STYLE = Automatic;
				CURRENT_PROJECT_VERSION = 1;
				DEVELOPMENT_TEAM = V4BA83FLD8;
				GENERATE_INFOPLIST_FILE = YES;
				MACOSX_DEPLOYMENT_TARGET = 15.0;
				MARKETING_VERSION = 1.0;
				PRODUCT_BUNDLE_IDENTIFIER = umidk.oaiVoiceModeChatTests;
				PRODUCT_NAME = "$(TARGET_NAME)";
				SWIFT_EMIT_LOC_STRINGS = NO;
				SWIFT_VERSION = 5.0;
				TEST_HOST = "$(BUILT_PRODUCTS_DIR)/T3ChatMac.app/$(BUNDLE_EXECUTABLE_FOLDER_PATH)/T3ChatMac";
			};
			name = Release;
		};
		E75A19EC2CFDCE7100F8F75D /* Debug */ = {
			isa = XCBuildConfiguration;
			buildSettings = {
				CODE_SIGN_STYLE = Automatic;
				CURRENT_PROJECT_VERSION = 1;
				DEVELOPMENT_TEAM = V4BA83FLD8;
				GENERATE_INFOPLIST_FILE = YES;
				MARKETING_VERSION = 1.0;
				PRODUCT_BUNDLE_IDENTIFIER = umidk.oaiVoiceModeChatUITests;
				PRODUCT_NAME = "$(TARGET_NAME)";
				SWIFT_EMIT_LOC_STRINGS = NO;
				SWIFT_VERSION = 5.0;
				TEST_TARGET_NAME = oaiVoiceModeChat;
			};
			name = Debug;
		};
		E75A19ED2CFDCE7100F8F75D /* Release */ = {
			isa = XCBuildConfiguration;
			buildSettings = {
				CODE_SIGN_STYLE = Automatic;
				CURRENT_PROJECT_VERSION = 1;
				DEVELOPMENT_TEAM = V4BA83FLD8;
				GENERATE_INFOPLIST_FILE = YES;
				MARKETING_VERSION = 1.0;
				PRODUCT_BUNDLE_IDENTIFIER = umidk.oaiVoiceModeChatUITests;
				PRODUCT_NAME = "$(TARGET_NAME)";
				SWIFT_EMIT_LOC_STRINGS = NO;
				SWIFT_VERSION = 5.0;
				TEST_TARGET_NAME = oaiVoiceModeChat;
			};
			name = Release;
		};
/* End XCBuildConfiguration section */

/* Begin XCConfigurationList section */
		E75A19BB2CFDCE6F00F8F75D /* Build configuration list for PBXProject "T3ChatMac" */ = {
			isa = XCConfigurationList;
			buildConfigurations = (
				E75A19E32CFDCE7100F8F75D /* Debug */,
				E75A19E42CFDCE7100F8F75D /* Release */,
			);
			defaultConfigurationIsVisible = 0;
			defaultConfigurationName = Release;
		};
		E75A19E52CFDCE7100F8F75D /* Build configuration list for PBXNativeTarget "T3ChatMac" */ = {
			isa = XCConfigurationList;
			buildConfigurations = (
				E75A19E62CFDCE7100F8F75D /* Debug */,
				E75A19E72CFDCE7100F8F75D /* Release */,
			);
			defaultConfigurationIsVisible = 0;
			defaultConfigurationName = Release;
		};
		E75A19E82CFDCE7100F8F75D /* Build configuration list for PBXNativeTarget "T3ChatMacTests" */ = {
			isa = XCConfigurationList;
			buildConfigurations = (
				E75A19E92CFDCE7100F8F75D /* Debug */,
				E75A19EA2CFDCE7100F8F75D /* Release */,
			);
			defaultConfigurationIsVisible = 0;
			defaultConfigurationName = Release;
		};
		E75A19EB2CFDCE7100F8F75D /* Build configuration list for PBXNativeTarget "T3ChatMacUITests" */ = {
			isa = XCConfigurationList;
			buildConfigurations = (
				E75A19EC2CFDCE7100F8F75D /* Debug */,
				E75A19ED2CFDCE7100F8F75D /* Release */,
			);
			defaultConfigurationIsVisible = 0;
			defaultConfigurationName = Release;
		};
/* End XCConfigurationList section */

/* Begin XCRemoteSwiftPackageReference section */
		E76654352D0D80EA00C242C7 /* XCRemoteSwiftPackageReference "HighlightedTextEditor" */ = {
			isa = XCRemoteSwiftPackageReference;
			repositoryURL = "https://github.com/kyle-n/HighlightedTextEditor";
			requirement = {
				kind = exactVersion;
				version = 2.1.0;
			};
		};
/* End XCRemoteSwiftPackageReference section */

/* Begin XCSwiftPackageProductDependency section */
		E76654362D0D80EA00C242C7 /* HighlightedTextEditor */ = {
			isa = XCSwiftPackageProductDependency;
			package = E76654352D0D80EA00C242C7 /* XCRemoteSwiftPackageReference "HighlightedTextEditor" */;
			productName = HighlightedTextEditor;
		};
/* End XCSwiftPackageProductDependency section */
	};
	rootObject = E75A19B82CFDCE6F00F8F75D /* Project object */;
}
